
Microsoft Visual Studio Solution File, Format Version 12.00
# Visual Studio Version 17
VisualStudioVersion = 17.5.33516.290
MinimumVisualStudioVersion = 10.0.40219.1
Project("{9092AA53-FB77-4645-B42D-1CCCA6BD08BD}") = "TypescriptDiscordBot", "TypescriptDiscordBot\TypescriptDiscordBot.njsproj", "{146CE3F3-E0A7-405E-A094-2BEEA7F462B2}"
EndProject
Project("{2150E333-8FDC-42A3-9474-1A3956D46DE8}") = "Solution Items", "Solution Items", "{3814080F-9DA3-441B-82A3-76D03824D3F2}"
	ProjectSection(SolutionItems) = preProject
		.gitignore = .gitignore
	EndProjectSection
EndProject
Global
	GlobalSection(SolutionConfigurationPlatforms) = preSolution
		Debug|Any CPU = Debug|Any CPU
		Release|Any CPU = Release|Any CPU
	EndGlobalSection
	GlobalSection(ProjectConfigurationPlatforms) = postSolution
		{146CE3F3-E0A7-405E-A094-2BEEA7F462B2}.Debug|Any CPU.ActiveCfg = Debug|Any CPU
		{146CE3F3-E0A7-405E-A094-2BEEA7F462B2}.Debug|Any CPU.Build.0 = Debug|Any CPU
		{146CE3F3-E0A7-405E-A094-2BEEA7F462B2}.Release|Any CPU.ActiveCfg = Release|Any CPU
		{146CE3F3-E0A7-405E-A094-2BEEA7F462B2}.Release|Any CPU.Build.0 = Release|Any CPU
	EndGlobalSection
	GlobalSection(SolutionProperties) = preSolution
		HideSolutionNode = FALSE
	EndGlobalSection
	GlobalSection(ExtensibilityGlobals) = postSolution
		SolutionGuid = {7551F17F-E43F-47E9-A379-D1C930572DC9}
	EndGlobalSection
EndGlobal
